
Microsoft Visual Studio Solution File, Format Version 12.00
# Visual Studio Version 17
VisualStudioVersion = 17.0.32112.339
MinimumVisualStudioVersion = 10.0.40219.1
Project("{9A19103F-16F7-4668-BE54-9A1E7A4F7556}") = "GucciFestival.Server", "GucciFestival\Server\GucciFestival.Server.csproj", "{49510D71-5F34-471D-88D9-1D2DEDDB5379}"
EndProject
Project("{9A19103F-16F7-4668-BE54-9A1E7A4F7556}") = "GucciFestival.Client", "GucciFestival\Client\GucciFestival.Client.csproj", "{6D8D4CAD-9BE9-4B4D-9EAE-A7DF427E5503}"
EndProject
Project("{9A19103F-16F7-4668-BE54-9A1E7A4F7556}") = "GucciFestival.Shared", "GucciFestival\Shared\GucciFestival.Shared.csproj", "{4590EBCB-EC9C-4439-ADD7-B2BFE99CBC58}"
EndProject
Global
	GlobalSection(SolutionConfigurationPlatforms) = preSolution
		Debug|Any CPU = Debug|Any CPU
		Release|Any CPU = Release|Any CPU
	EndGlobalSection
	GlobalSection(ProjectConfigurationPlatforms) = postSolution
		{49510D71-5F34-471D-88D9-1D2DEDDB5379}.Debug|Any CPU.ActiveCfg = Debug|Any CPU
		{49510D71-5F34-471D-88D9-1D2DEDDB5379}.Debug|Any CPU.Build.0 = Debug|Any CPU
		{49510D71-5F34-471D-88D9-1D2DEDDB5379}.Release|Any CPU.ActiveCfg = Release|Any CPU
		{49510D71-5F34-471D-88D9-1D2DEDDB5379}.Release|Any CPU.Build.0 = Release|Any CPU
		{6D8D4CAD-9BE9-4B4D-9EAE-A7DF427E5503}.Debug|Any CPU.ActiveCfg = Debug|Any CPU
		{6D8D4CAD-9BE9-4B4D-9EAE-A7DF427E5503}.Debug|Any CPU.Build.0 = Debug|Any CPU
		{6D8D4CAD-9BE9-4B4D-9EAE-A7DF427E5503}.Release|Any CPU.ActiveCfg = Release|Any CPU
		{6D8D4CAD-9BE9-4B4D-9EAE-A7DF427E5503}.Release|Any CPU.Build.0 = Release|Any CPU
		{4590EBCB-EC9C-4439-ADD7-B2BFE99CBC58}.Debug|Any CPU.ActiveCfg = Debug|Any CPU
		{4590EBCB-EC9C-4439-ADD7-B2BFE99CBC58}.Debug|Any CPU.Build.0 = Debug|Any CPU
		{4590EBCB-EC9C-4439-ADD7-B2BFE99CBC58}.Release|Any CPU.ActiveCfg = Release|Any CPU
		{4590EBCB-EC9C-4439-ADD7-B2BFE99CBC58}.Release|Any CPU.Build.0 = Release|Any CPU
	EndGlobalSection
	GlobalSection(SolutionProperties) = preSolution
		HideSolutionNode = FALSE
	EndGlobalSection
	GlobalSection(ExtensibilityGlobals) = postSolution
		SolutionGuid = {73D37F05-16E3-4991-A919-040D261F4C51}
	EndGlobalSection
EndGlobal
